
Microsoft Visual Studio Solution File, Format Version 12.00
# Visual Studio Version 16
VisualStudioVersion = 16.0.31702.278
MinimumVisualStudioVersion = 10.0.40219.1
Project("{9A19103F-16F7-4668-BE54-9A1E7A4F7556}") = "EWebFrameworkCore.Dev", "EWebFrameworkCore.Dev\EWebFrameworkCore.Dev.csproj", "{2628B610-0349-436B-B73C-77DCC091E0FB}"
EndProject
Project("{9A19103F-16F7-4668-BE54-9A1E7A4F7556}") = "EWebFrameworkCore.Vendor", "EWebFrameworkCore.Vendor\EWebFrameworkCore.Vendor.csproj", "{55BE4C46-9232-456A-AEA7-BBADB460AA43}"
EndProject
Project("{778DAE3C-4631-46EA-AA77-85C1314464D9}") = "ELibrary.Standard.VB", "..\ELibrary\ELibrary.Standard.VB\ELibrary.Standard.VB.vbproj", "{D78A93B6-70C7-4765-BA8F-C06183DBC1B8}"
EndProject
Project("{778DAE3C-4631-46EA-AA77-85C1314464D9}") = "CODERiT.Logger.Standard.VB", "..\..\..\epro-libraries-for-vs\coderit-logger\CODERiT.Logger.Standard.VB\CODERiT.Logger.Standard.VB.vbproj", "{1D6E8D1F-62C6-4EB9-B54B-D82B07130C91}"
EndProject
Project("{FAE04EC0-301F-11D3-BF4B-00C04F79EFBC}") = "PackageTester", "PackageTester\PackageTester.csproj", "{64D385A1-0E9B-4F05-B763-8A617B8F7E88}"
EndProject
Project("{FAE04EC0-301F-11D3-BF4B-00C04F79EFBC}") = "PackageTesterAPI", "PackageTesterAPI\PackageTesterAPI.csproj", "{B0C9B94A-2B1E-4CC5-B7C2-CC29465C0C06}"
EndProject
Global
	GlobalSection(SolutionConfigurationPlatforms) = preSolution
		Debug|Any CPU = Debug|Any CPU
		Release|Any CPU = Release|Any CPU
	EndGlobalSection
	GlobalSection(ProjectConfigurationPlatforms) = postSolution
		{2628B610-0349-436B-B73C-77DCC091E0FB}.Debug|Any CPU.ActiveCfg = Debug|Any CPU
		{2628B610-0349-436B-B73C-77DCC091E0FB}.Debug|Any CPU.Build.0 = Debug|Any CPU
		{2628B610-0349-436B-B73C-77DCC091E0FB}.Release|Any CPU.ActiveCfg = Release|Any CPU
		{2628B610-0349-436B-B73C-77DCC091E0FB}.Release|Any CPU.Build.0 = Release|Any CPU
		{55BE4C46-9232-456A-AEA7-BBADB460AA43}.Debug|Any CPU.ActiveCfg = Debug|Any CPU
		{55BE4C46-9232-456A-AEA7-BBADB460AA43}.Debug|Any CPU.Build.0 = Debug|Any CPU
		{55BE4C46-9232-456A-AEA7-BBADB460AA43}.Release|Any CPU.ActiveCfg = Release|Any CPU
		{55BE4C46-9232-456A-AEA7-BBADB460AA43}.Release|Any CPU.Build.0 = Release|Any CPU
		{D78A93B6-70C7-4765-BA8F-C06183DBC1B8}.Debug|Any CPU.ActiveCfg = Debug|Any CPU
		{D78A93B6-70C7-4765-BA8F-C06183DBC1B8}.Debug|Any CPU.Build.0 = Debug|Any CPU
		{D78A93B6-70C7-4765-BA8F-C06183DBC1B8}.Release|Any CPU.ActiveCfg = Release|Any CPU
		{D78A93B6-70C7-4765-BA8F-C06183DBC1B8}.Release|Any CPU.Build.0 = Release|Any CPU
		{1D6E8D1F-62C6-4EB9-B54B-D82B07130C91}.Debug|Any CPU.ActiveCfg = Debug|Any CPU
		{1D6E8D1F-62C6-4EB9-B54B-D82B07130C91}.Debug|Any CPU.Build.0 = Debug|Any CPU
		{1D6E8D1F-62C6-4EB9-B54B-D82B07130C91}.Release|Any CPU.ActiveCfg = Release|Any CPU
		{1D6E8D1F-62C6-4EB9-B54B-D82B07130C91}.Release|Any CPU.Build.0 = Release|Any CPU
		{64D385A1-0E9B-4F05-B763-8A617B8F7E88}.Debug|Any CPU.ActiveCfg = Debug|Any CPU
		{64D385A1-0E9B-4F05-B763-8A617B8F7E88}.Debug|Any CPU.Build.0 = Debug|Any CPU
		{64D385A1-0E9B-4F05-B763-8A617B8F7E88}.Release|Any CPU.ActiveCfg = Release|Any CPU
		{64D385A1-0E9B-4F05-B763-8A617B8F7E88}.Release|Any CPU.Build.0 = Release|Any CPU
		{B0C9B94A-2B1E-4CC5-B7C2-CC29465C0C06}.Debug|Any CPU.ActiveCfg = Debug|Any CPU
		{B0C9B94A-2B1E-4CC5-B7C2-CC29465C0C06}.Debug|Any CPU.Build.0 = Debug|Any CPU
		{B0C9B94A-2B1E-4CC5-B7C2-CC29465C0C06}.Release|Any CPU.ActiveCfg = Release|Any CPU
		{B0C9B94A-2B1E-4CC5-B7C2-CC29465C0C06}.Release|Any CPU.Build.0 = Release|Any CPU
	EndGlobalSection
	GlobalSection(SolutionProperties) = preSolution
		HideSolutionNode = FALSE
	EndGlobalSection
	GlobalSection(ExtensibilityGlobals) = postSolution
		SolutionGuid = {B90820D3-9008-4D32-9879-AA63EBF45250}
	EndGlobalSection
EndGlobal
